
Microsoft Visual Studio Solution File, Format Version 12.00
# Visual Studio Version 17
VisualStudioVersion = 17.0.32112.339
MinimumVisualStudioVersion = 10.0.40219.1
Project("{FAE04EC0-301F-11D3-BF4B-00C04F79EFBC}") = "FX_QuanLyKho", "LIS.App\FX_QuanLyKho.csproj", "{747B6883-B6A0-43EB-9DFB-80B28D4B2DD2}"
EndProject
Project("{2150E333-8FDC-42A3-9474-1A3956D46DE8}") = ".nuget", ".nuget", "{359AE89F-6D34-4FDD-A9AD-EB21C836DBB5}"
	ProjectSection(SolutionItems) = preProject
		.nuget\NuGet.Config = .nuget\NuGet.Config
		.nuget\NuGet.exe = .nuget\NuGet.exe
		.nuget\NuGet.targets = .nuget\NuGet.targets
	EndProjectSection
EndProject
Project("{2150E333-8FDC-42A3-9474-1A3956D46DE8}") = "Modules", "Modules", "{CB96D449-E39F-4455-863C-505400B7719C}"
EndProject
Project("{FAE04EC0-301F-11D3-BF4B-00C04F79EFBC}") = "TPH.LIS.Data", "Modules\TPH.LIS.Data\TPH.LIS.Data.csproj", "{493D7BFE-24BF-4612-86EB-623E23656F5D}"
EndProject
Project("{FAE04EC0-301F-11D3-BF4B-00C04F79EFBC}") = "TPH.LIS.Common", "Modules\TPH.LIS.Common\TPH.LIS.Common.csproj", "{D12AFE96-3C9E-4310-847A-A662BCEE40BE}"
EndProject
Project("{FAE04EC0-301F-11D3-BF4B-00C04F79EFBC}") = "TPH.LIS.Patient", "Modules\TPH.LIS.Patient\TPH.LIS.Patient.csproj", "{DA4788F0-BFD6-45FC-9EB6-0F3D5B9CEFA3}"
EndProject
Project("{FAE04EC0-301F-11D3-BF4B-00C04F79EFBC}") = "TPH.LIS..User", "Modules\TPH.LIS.User\TPH.LIS..User.csproj", "{3CDB515A-73AF-4845-9CC0-5844D03ADFF3}"
EndProject
Project("{FAE04EC0-301F-11D3-BF4B-00C04F79EFBC}") = "TPH.LIS.Configuration", "Modules\TPH.LIS.Configuration\TPH.LIS.Configuration.csproj", "{0CE6A166-5F71-42A6-A850-7597E93BE18E}"
EndProject
Project("{FAE04EC0-301F-11D3-BF4B-00C04F79EFBC}") = "TPH.LIS.Log", "Modules\TPH.LIS.Log\TPH.LIS.Log.csproj", "{B93B48F6-C3A3-41F4-88C3-A0232FA5C615}"
EndProject
Project("{FAE04EC0-301F-11D3-BF4B-00C04F79EFBC}") = "TPH.Lab.BusinessService", "Modules\TPH.Lab.BusinessService\TPH.Lab.BusinessService.csproj", "{40337536-DFE9-4AFC-BDBE-958C1DB8B862}"
EndProject
Project("{FAE04EC0-301F-11D3-BF4B-00C04F79EFBC}") = "TPH.LIS.TestResult", "Modules\TPH.LIS.TestResult\TPH.LIS.TestResult.csproj", "{850CDA2A-81C7-4B64-8D3B-256877BF777C}"
EndProject
Project("{FAE04EC0-301F-11D3-BF4B-00C04F79EFBC}") = "TPH.LIS.Analyzer", "Modules\TPH.LIS.Analyzer\TPH.LIS.Analyzer.csproj", "{E316F618-CB53-4AF9-B589-D27B8D5AD6FF}"
EndProject
Project("{FAE04EC0-301F-11D3-BF4B-00C04F79EFBC}") = "TPH.Data.HIS", "Modules\TPH.Data.HIS\TPH.Data.HIS.csproj", "{54E5D0A9-FC0D-4B82-93FC-1227CCA9A062}"
EndProject
Project("{FAE04EC0-301F-11D3-BF4B-00C04F79EFBC}") = "TPH.HIS", "Modules\TPH.HIS\TPH.HIS.csproj", "{B51AB14E-71B9-4C92-85F6-A318B51AA382}"
EndProject
Project("{FAE04EC0-301F-11D3-BF4B-00C04F79EFBC}") = "TPH.Cashier", "Modules\TPH.Cashier\TPH.Cashier\TPH.Cashier.csproj", "{9AAE5EE1-952E-4F51-9840-8D7A8C1D033A}"
EndProject
Project("{FAE04EC0-301F-11D3-BF4B-00C04F79EFBC}") = "TPH.Excel", "Modules\ExportToExcel\TPH.Excel.csproj", "{6F21ED74-9DD4-4124-B959-A4D309DA8354}"
EndProject
Project("{FAE04EC0-301F-11D3-BF4B-00C04F79EFBC}") = "TPH.LIS.ResultConvert", "Modules\TPH.LIS.ResultConvert\TPH.LIS.ResultConvert.csproj", "{BEC8C5D7-5946-42F7-BEE3-93F46EFD8922}"
EndProject
Project("{FAE04EC0-301F-11D3-BF4B-00C04F79EFBC}") = "TPH.LIS.Statistic", "Modules\TPH.LIS.Statistic\TPH.LIS.Statistic.csproj", "{2ED8DA65-3071-495B-8778-384031CAFE37}"
EndProject
Project("{FAE04EC0-301F-11D3-BF4B-00C04F79EFBC}") = "TPH.LIS.ExportResult", "Modules\TPH.LIS.ExportResult\TPH.LIS.ExportResult.csproj", "{36C5D57D-4BEC-42CF-80AF-46E10E431DCC}"
EndProject
Project("{FAE04EC0-301F-11D3-BF4B-00C04F79EFBC}") = "TPH.LabelingMachine.BCRobo", "Modules\TPH.LabelingMachine.BCRobo\TPH.LabelingMachine.BCRobo.csproj", "{F72F67DD-A089-43EA-BD69-38BD153A1784}"
EndProject
Project("{FAE04EC0-301F-11D3-BF4B-00C04F79EFBC}") = "TPH.LIS.BarcodePrinting", "Modules\BarcodePrinting\TPH.LIS.BarcodePrinting.csproj", "{33CD5FD9-D26E-4E6A-96C0-CA7D7F41F340}"
EndProject
Project("{FAE04EC0-301F-11D3-BF4B-00C04F79EFBC}") = "TPH.WriteLog", "TPH.WriteLog\TPH.WriteLog.csproj", "{37482CAD-D9AF-4741-9CB6-16A6BA6A412E}"
EndProject
Project("{FAE04EC0-301F-11D3-BF4B-00C04F79EFBC}") = "TPH.HIS.API", "Modules\TPH.HIS.API\TPH.HIS.API.csproj", "{14EB32EF-0539-4DA0-818A-1CDD3CD6E127}"
EndProject
Project("{FAE04EC0-301F-11D3-BF4B-00C04F79EFBC}") = "TPH.Lab.Middleware.Helper", "Modules\TPH.Lab.Middleware.Helper\TPH.Lab.Middleware.Helper.csproj", "{E435EAFD-21D6-4572-9823-166C6B60636C}"
EndProject
Project("{FAE04EC0-301F-11D3-BF4B-00C04F79EFBC}") = "TPH.Lab.Middleware.HISConnect", "Modules\TPH.Lab.Middleware.HISConnect\TPH.Lab.Middleware.HISConnect.csproj", "{89C98534-93B8-4FBB-A3DC-517089097095}"
EndProject
Project("{FAE04EC0-301F-11D3-BF4B-00C04F79EFBC}") = "TPH.Lab.Middleware.LISConnect", "Modules\TPH.Lab.Middleware.LISConnect\TPH.Lab.Middleware.LISConnect.csproj", "{A28B3C6C-DB99-480A-A59D-52E7DA52FBF8}"
EndProject
Project("{FAE04EC0-301F-11D3-BF4B-00C04F79EFBC}") = "TPH.AnalyzerChart", "Modules\TPH.AnalyzerChart\TPH.AnalyzerChart.csproj", "{5050B1F8-7EFC-4719-8BF9-B8A5450BB37D}"
EndProject
Project("{FAE04EC0-301F-11D3-BF4B-00C04F79EFBC}") = "TPH.Report", "Modules\TPH.Report\TPH.Report.csproj", "{CF79EB8F-0D24-4845-8EF8-67A3C8F8972B}"
EndProject
Project("{FAE04EC0-301F-11D3-BF4B-00C04F79EFBC}") = "TPH.LIS.DigitalSignature", "Modules\TPH.LIS.DigitalSignature\TPH.LIS.DigitalSignature.csproj", "{8E1E4CA1-1959-4945-A997-7C67CA964E71}"
EndProject
Project("{FAE04EC0-301F-11D3-BF4B-00C04F79EFBC}") = "TPH.Language", "Modules\TPH.Language\TPH.Language.csproj", "{BFAC421E-E92D-4336-9FC7-4A4F59AA47F0}"
EndProject
Project("{FAE04EC0-301F-11D3-BF4B-00C04F79EFBC}") = "TPH.Controls", "Modules\TPH.Controls\TPH.Controls.csproj", "{670302F2-82DD-4F60-949F-711FFF3B8F04}"
EndProject
Project("{FAE04EC0-301F-11D3-BF4B-00C04F79EFBC}") = "TPH.Product", "TPH.Product\TPH.Product.csproj", "{5726FE7E-6802-4580-9863-3C43CDC64DE3}"
EndProject
Global
	GlobalSection(SolutionConfigurationPlatforms) = preSolution
		Debug|Any CPU = Debug|Any CPU
		Debug|Mixed Platforms = Debug|Mixed Platforms
		Debug|x86 = Debug|x86
		Release|Any CPU = Release|Any CPU
		Release|Mixed Platforms = Release|Mixed Platforms
		Release|x86 = Release|x86
	EndGlobalSection
	GlobalSection(ProjectConfigurationPlatforms) = postSolution
		{747B6883-B6A0-43EB-9DFB-80B28D4B2DD2}.Debug|Any CPU.ActiveCfg = Debug|x86
		{747B6883-B6A0-43EB-9DFB-80B28D4B2DD2}.Debug|Any CPU.Build.0 = Debug|x86
		{747B6883-B6A0-43EB-9DFB-80B28D4B2DD2}.Debug|Mixed Platforms.ActiveCfg = Debug|x86
		{747B6883-B6A0-43EB-9DFB-80B28D4B2DD2}.Debug|Mixed Platforms.Build.0 = Debug|x86
		{747B6883-B6A0-43EB-9DFB-80B28D4B2DD2}.Debug|x86.ActiveCfg = Debug|x86
		{747B6883-B6A0-43EB-9DFB-80B28D4B2DD2}.Debug|x86.Build.0 = Debug|x86
		{747B6883-B6A0-43EB-9DFB-80B28D4B2DD2}.Release|Any CPU.ActiveCfg = Release|x86
		{747B6883-B6A0-43EB-9DFB-80B28D4B2DD2}.Release|Any CPU.Build.0 = Release|x86
		{747B6883-B6A0-43EB-9DFB-80B28D4B2DD2}.Release|Mixed Platforms.ActiveCfg = Release|x86
		{747B6883-B6A0-43EB-9DFB-80B28D4B2DD2}.Release|Mixed Platforms.Build.0 = Release|x86
		{747B6883-B6A0-43EB-9DFB-80B28D4B2DD2}.Release|x86.ActiveCfg = Release|x86
		{747B6883-B6A0-43EB-9DFB-80B28D4B2DD2}.Release|x86.Build.0 = Release|x86
		{493D7BFE-24BF-4612-86EB-623E23656F5D}.Debug|Any CPU.ActiveCfg = Debug|Any CPU
		{493D7BFE-24BF-4612-86EB-623E23656F5D}.Debug|Any CPU.Build.0 = Debug|Any CPU
		{493D7BFE-24BF-4612-86EB-623E23656F5D}.Debug|Mixed Platforms.ActiveCfg = Debug|Any CPU
		{493D7BFE-24BF-4612-86EB-623E23656F5D}.Debug|Mixed Platforms.Build.0 = Debug|Any CPU
		{493D7BFE-24BF-4612-86EB-623E23656F5D}.Debug|x86.ActiveCfg = Debug|Any CPU
		{493D7BFE-24BF-4612-86EB-623E23656F5D}.Release|Any CPU.ActiveCfg = Release|Any CPU
		{493D7BFE-24BF-4612-86EB-623E23656F5D}.Release|Any CPU.Build.0 = Release|Any CPU
		{493D7BFE-24BF-4612-86EB-623E23656F5D}.Release|Mixed Platforms.ActiveCfg = Release|Any CPU
		{493D7BFE-24BF-4612-86EB-623E23656F5D}.Release|Mixed Platforms.Build.0 = Release|Any CPU
		{493D7BFE-24BF-4612-86EB-623E23656F5D}.Release|x86.ActiveCfg = Release|Any CPU
		{D12AFE96-3C9E-4310-847A-A662BCEE40BE}.Debug|Any CPU.ActiveCfg = Debug|Any CPU
		{D12AFE96-3C9E-4310-847A-A662BCEE40BE}.Debug|Any CPU.Build.0 = Debug|Any CPU
		{D12AFE96-3C9E-4310-847A-A662BCEE40BE}.Debug|Mixed Platforms.ActiveCfg = Debug|Any CPU
		{D12AFE96-3C9E-4310-847A-A662BCEE40BE}.Debug|Mixed Platforms.Build.0 = Debug|Any CPU
		{D12AFE96-3C9E-4310-847A-A662BCEE40BE}.Debug|x86.ActiveCfg = Debug|Any CPU
		{D12AFE96-3C9E-4310-847A-A662BCEE40BE}.Release|Any CPU.ActiveCfg = Release|Any CPU
		{D12AFE96-3C9E-4310-847A-A662BCEE40BE}.Release|Any CPU.Build.0 = Release|Any CPU
		{D12AFE96-3C9E-4310-847A-A662BCEE40BE}.Release|Mixed Platforms.ActiveCfg = Release|Any CPU
		{D12AFE96-3C9E-4310-847A-A662BCEE40BE}.Release|Mixed Platforms.Build.0 = Release|Any CPU
		{D12AFE96-3C9E-4310-847A-A662BCEE40BE}.Release|x86.ActiveCfg = Release|Any CPU
		{DA4788F0-BFD6-45FC-9EB6-0F3D5B9CEFA3}.Debug|Any CPU.ActiveCfg = Debug|Any CPU
		{DA4788F0-BFD6-45FC-9EB6-0F3D5B9CEFA3}.Debug|Any CPU.Build.0 = Debug|Any CPU
		{DA4788F0-BFD6-45FC-9EB6-0F3D5B9CEFA3}.Debug|Mixed Platforms.ActiveCfg = Debug|Any CPU
		{DA4788F0-BFD6-45FC-9EB6-0F3D5B9CEFA3}.Debug|Mixed Platforms.Build.0 = Debug|Any CPU
		{DA4788F0-BFD6-45FC-9EB6-0F3D5B9CEFA3}.Debug|x86.ActiveCfg = Debug|Any CPU
		{DA4788F0-BFD6-45FC-9EB6-0F3D5B9CEFA3}.Release|Any CPU.ActiveCfg = Release|Any CPU
		{DA4788F0-BFD6-45FC-9EB6-0F3D5B9CEFA3}.Release|Any CPU.Build.0 = Release|Any CPU
		{DA4788F0-BFD6-45FC-9EB6-0F3D5B9CEFA3}.Release|Mixed Platforms.ActiveCfg = Release|Any CPU
		{DA4788F0-BFD6-45FC-9EB6-0F3D5B9CEFA3}.Release|Mixed Platforms.Build.0 = Release|Any CPU
		{DA4788F0-BFD6-45FC-9EB6-0F3D5B9CEFA3}.Release|x86.ActiveCfg = Release|Any CPU
		{3CDB515A-73AF-4845-9CC0-5844D03ADFF3}.Debug|Any CPU.ActiveCfg = Debug|Any CPU
		{3CDB515A-73AF-4845-9CC0-5844D03ADFF3}.Debug|Any CPU.Build.0 = Debug|Any CPU
		{3CDB515A-73AF-4845-9CC0-5844D03ADFF3}.Debug|Mixed Platforms.ActiveCfg = Debug|Any CPU
		{3CDB515A-73AF-4845-9CC0-5844D03ADFF3}.Debug|Mixed Platforms.Build.0 = Debug|Any CPU
		{3CDB515A-73AF-4845-9CC0-5844D03ADFF3}.Debug|x86.ActiveCfg = Debug|Any CPU
		{3CDB515A-73AF-4845-9CC0-5844D03ADFF3}.Release|Any CPU.ActiveCfg = Release|Any CPU
		{3CDB515A-73AF-4845-9CC0-5844D03ADFF3}.Release|Any CPU.Build.0 = Release|Any CPU
		{3CDB515A-73AF-4845-9CC0-5844D03ADFF3}.Release|Mixed Platforms.ActiveCfg = Release|Any CPU
		{3CDB515A-73AF-4845-9CC0-5844D03ADFF3}.Release|Mixed Platforms.Build.0 = Release|Any CPU
		{3CDB515A-73AF-4845-9CC0-5844D03ADFF3}.Release|x86.ActiveCfg = Release|Any CPU
		{0CE6A166-5F71-42A6-A850-7597E93BE18E}.Debug|Any CPU.ActiveCfg = Debug|Any CPU
		{0CE6A166-5F71-42A6-A850-7597E93BE18E}.Debug|Any CPU.Build.0 = Debug|Any CPU
		{0CE6A166-5F71-42A6-A850-7597E93BE18E}.Debug|Mixed Platforms.ActiveCfg = Debug|Any CPU
		{0CE6A166-5F71-42A6-A850-7597E93BE18E}.Debug|Mixed Platforms.Build.0 = Debug|Any CPU
		{0CE6A166-5F71-42A6-A850-7597E93BE18E}.Debug|x86.ActiveCfg = Debug|Any CPU
		{0CE6A166-5F71-42A6-A850-7597E93BE18E}.Release|Any CPU.ActiveCfg = Release|Any CPU
		{0CE6A166-5F71-42A6-A850-7597E93BE18E}.Release|Any CPU.Build.0 = Release|Any CPU
		{0CE6A166-5F71-42A6-A850-7597E93BE18E}.Release|Mixed Platforms.ActiveCfg = Release|Any CPU
		{0CE6A166-5F71-42A6-A850-7597E93BE18E}.Release|Mixed Platforms.Build.0 = Release|Any CPU
		{0CE6A166-5F71-42A6-A850-7597E93BE18E}.Release|x86.ActiveCfg = Release|Any CPU
		{B93B48F6-C3A3-41F4-88C3-A0232FA5C615}.Debug|Any CPU.ActiveCfg = Debug|Any CPU
		{B93B48F6-C3A3-41F4-88C3-A0232FA5C615}.Debug|Any CPU.Build.0 = Debug|Any CPU
		{B93B48F6-C3A3-41F4-88C3-A0232FA5C615}.Debug|Mixed Platforms.ActiveCfg = Debug|Any CPU
		{B93B48F6-C3A3-41F4-88C3-A0232FA5C615}.Debug|Mixed Platforms.Build.0 = Debug|Any CPU
		{B93B48F6-C3A3-41F4-88C3-A0232FA5C615}.Debug|x86.ActiveCfg = Debug|Any CPU
		{B93B48F6-C3A3-41F4-88C3-A0232FA5C615}.Release|Any CPU.ActiveCfg = Release|Any CPU
		{B93B48F6-C3A3-41F4-88C3-A0232FA5C615}.Release|Any CPU.Build.0 = Release|Any CPU
		{B93B48F6-C3A3-41F4-88C3-A0232FA5C615}.Release|Mixed Platforms.ActiveCfg = Release|Any CPU
		{B93B48F6-C3A3-41F4-88C3-A0232FA5C615}.Release|Mixed Platforms.Build.0 = Release|Any CPU
		{B93B48F6-C3A3-41F4-88C3-A0232FA5C615}.Release|x86.ActiveCfg = Release|Any CPU
		{40337536-DFE9-4AFC-BDBE-958C1DB8B862}.Debug|Any CPU.ActiveCfg = Debug|Any CPU
		{40337536-DFE9-4AFC-BDBE-958C1DB8B862}.Debug|Any CPU.Build.0 = Debug|Any CPU
		{40337536-DFE9-4AFC-BDBE-958C1DB8B862}.Debug|Mixed Platforms.ActiveCfg = Debug|Any CPU
		{40337536-DFE9-4AFC-BDBE-958C1DB8B862}.Debug|Mixed Platforms.Build.0 = Debug|Any CPU
		{40337536-DFE9-4AFC-BDBE-958C1DB8B862}.Debug|x86.ActiveCfg = Debug|Any CPU
		{40337536-DFE9-4AFC-BDBE-958C1DB8B862}.Debug|x86.Build.0 = Debug|Any CPU
		{40337536-DFE9-4AFC-BDBE-958C1DB8B862}.Release|Any CPU.ActiveCfg = Release|Any CPU
		{40337536-DFE9-4AFC-BDBE-958C1DB8B862}.Release|Any CPU.Build.0 = Release|Any CPU
		{40337536-DFE9-4AFC-BDBE-958C1DB8B862}.Release|Mixed Platforms.ActiveCfg = Release|Any CPU
		{40337536-DFE9-4AFC-BDBE-958C1DB8B862}.Release|Mixed Platforms.Build.0 = Release|Any CPU
		{40337536-DFE9-4AFC-BDBE-958C1DB8B862}.Release|x86.ActiveCfg = Release|Any CPU
		{40337536-DFE9-4AFC-BDBE-958C1DB8B862}.Release|x86.Build.0 = Release|Any CPU
		{850CDA2A-81C7-4B64-8D3B-256877BF777C}.Debug|Any CPU.ActiveCfg = Debug|Any CPU
		{850CDA2A-81C7-4B64-8D3B-256877BF777C}.Debug|Any CPU.Build.0 = Debug|Any CPU
		{850CDA2A-81C7-4B64-8D3B-256877BF777C}.Debug|Mixed Platforms.ActiveCfg = Debug|Any CPU
		{850CDA2A-81C7-4B64-8D3B-256877BF777C}.Debug|Mixed Platforms.Build.0 = Debug|Any CPU
		{850CDA2A-81C7-4B64-8D3B-256877BF777C}.Debug|x86.ActiveCfg = Debug|Any CPU
		{850CDA2A-81C7-4B64-8D3B-256877BF777C}.Debug|x86.Build.0 = Debug|Any CPU
		{850CDA2A-81C7-4B64-8D3B-256877BF777C}.Release|Any CPU.ActiveCfg = Release|Any CPU
		{850CDA2A-81C7-4B64-8D3B-256877BF777C}.Release|Any CPU.Build.0 = Release|Any CPU
		{850CDA2A-81C7-4B64-8D3B-256877BF777C}.Release|Mixed Platforms.ActiveCfg = Release|Any CPU
		{850CDA2A-81C7-4B64-8D3B-256877BF777C}.Release|Mixed Platforms.Build.0 = Release|Any CPU
		{850CDA2A-81C7-4B64-8D3B-256877BF777C}.Release|x86.ActiveCfg = Release|Any CPU
		{850CDA2A-81C7-4B64-8D3B-256877BF777C}.Release|x86.Build.0 = Release|Any CPU
		{E316F618-CB53-4AF9-B589-D27B8D5AD6FF}.Debug|Any CPU.ActiveCfg = Debug|Any CPU
		{E316F618-CB53-4AF9-B589-D27B8D5AD6FF}.Debug|Any CPU.Build.0 = Debug|Any CPU
		{E316F618-CB53-4AF9-B589-D27B8D5AD6FF}.Debug|Mixed Platforms.ActiveCfg = Debug|Any CPU
		{E316F618-CB53-4AF9-B589-D27B8D5AD6FF}.Debug|Mixed Platforms.Build.0 = Debug|Any CPU
		{E316F618-CB53-4AF9-B589-D27B8D5AD6FF}.Debug|x86.ActiveCfg = Debug|Any CPU
		{E316F618-CB53-4AF9-B589-D27B8D5AD6FF}.Debug|x86.Build.0 = Debug|Any CPU
		{E316F618-CB53-4AF9-B589-D27B8D5AD6FF}.Release|Any CPU.ActiveCfg = Release|Any CPU
		{E316F618-CB53-4AF9-B589-D27B8D5AD6FF}.Release|Any CPU.Build.0 = Release|Any CPU
		{E316F618-CB53-4AF9-B589-D27B8D5AD6FF}.Release|Mixed Platforms.ActiveCfg = Release|Any CPU
		{E316F618-CB53-4AF9-B589-D27B8D5AD6FF}.Release|Mixed Platforms.Build.0 = Release|Any CPU
		{E316F618-CB53-4AF9-B589-D27B8D5AD6FF}.Release|x86.ActiveCfg = Release|Any CPU
		{E316F618-CB53-4AF9-B589-D27B8D5AD6FF}.Release|x86.Build.0 = Release|Any CPU
		{54E5D0A9-FC0D-4B82-93FC-1227CCA9A062}.Debug|Any CPU.ActiveCfg = Debug|Any CPU
		{54E5D0A9-FC0D-4B82-93FC-1227CCA9A062}.Debug|Any CPU.Build.0 = Debug|Any CPU
		{54E5D0A9-FC0D-4B82-93FC-1227CCA9A062}.Debug|Mixed Platforms.ActiveCfg = Debug|Any CPU
		{54E5D0A9-FC0D-4B82-93FC-1227CCA9A062}.Debug|Mixed Platforms.Build.0 = Debug|Any CPU
		{54E5D0A9-FC0D-4B82-93FC-1227CCA9A062}.Debug|x86.ActiveCfg = Debug|Any CPU
		{54E5D0A9-FC0D-4B82-93FC-1227CCA9A062}.Debug|x86.Build.0 = Debug|Any CPU
		{54E5D0A9-FC0D-4B82-93FC-1227CCA9A062}.Release|Any CPU.ActiveCfg = Release|Any CPU
		{54E5D0A9-FC0D-4B82-93FC-1227CCA9A062}.Release|Any CPU.Build.0 = Release|Any CPU
		{54E5D0A9-FC0D-4B82-93FC-1227CCA9A062}.Release|Mixed Platforms.ActiveCfg = Release|Any CPU
		{54E5D0A9-FC0D-4B82-93FC-1227CCA9A062}.Release|Mixed Platforms.Build.0 = Release|Any CPU
		{54E5D0A9-FC0D-4B82-93FC-1227CCA9A062}.Release|x86.ActiveCfg = Release|Any CPU
		{54E5D0A9-FC0D-4B82-93FC-1227CCA9A062}.Release|x86.Build.0 = Release|Any CPU
		{B51AB14E-71B9-4C92-85F6-A318B51AA382}.Debug|Any CPU.ActiveCfg = Debug|Any CPU
		{B51AB14E-71B9-4C92-85F6-A318B51AA382}.Debug|Any CPU.Build.0 = Debug|Any CPU
		{B51AB14E-71B9-4C92-85F6-A318B51AA382}.Debug|Mixed Platforms.ActiveCfg = Debug|Any CPU
		{B51AB14E-71B9-4C92-85F6-A318B51AA382}.Debug|Mixed Platforms.Build.0 = Debug|Any CPU
		{B51AB14E-71B9-4C92-85F6-A318B51AA382}.Debug|x86.ActiveCfg = Debug|Any CPU
		{B51AB14E-71B9-4C92-85F6-A318B51AA382}.Debug|x86.Build.0 = Debug|Any CPU
		{B51AB14E-71B9-4C92-85F6-A318B51AA382}.Release|Any CPU.ActiveCfg = Release|Any CPU
		{B51AB14E-71B9-4C92-85F6-A318B51AA382}.Release|Any CPU.Build.0 = Release|Any CPU
		{B51AB14E-71B9-4C92-85F6-A318B51AA382}.Release|Mixed Platforms.ActiveCfg = Release|Any CPU
		{B51AB14E-71B9-4C92-85F6-A318B51AA382}.Release|Mixed Platforms.Build.0 = Release|Any CPU
		{B51AB14E-71B9-4C92-85F6-A318B51AA382}.Release|x86.ActiveCfg = Release|Any CPU
		{B51AB14E-71B9-4C92-85F6-A318B51AA382}.Release|x86.Build.0 = Release|Any CPU
		{9AAE5EE1-952E-4F51-9840-8D7A8C1D033A}.Debug|Any CPU.ActiveCfg = Debug|Any CPU
		{9AAE5EE1-952E-4F51-9840-8D7A8C1D033A}.Debug|Any CPU.Build.0 = Debug|Any CPU
		{9AAE5EE1-952E-4F51-9840-8D7A8C1D033A}.Debug|Mixed Platforms.ActiveCfg = Debug|Any CPU
		{9AAE5EE1-952E-4F51-9840-8D7A8C1D033A}.Debug|Mixed Platforms.Build.0 = Debug|Any CPU
		{9AAE5EE1-952E-4F51-9840-8D7A8C1D033A}.Debug|x86.ActiveCfg = Debug|Any CPU
		{9AAE5EE1-952E-4F51-9840-8D7A8C1D033A}.Debug|x86.Build.0 = Debug|Any CPU
		{9AAE5EE1-952E-4F51-9840-8D7A8C1D033A}.Release|Any CPU.ActiveCfg = Release|Any CPU
		{9AAE5EE1-952E-4F51-9840-8D7A8C1D033A}.Release|Any CPU.Build.0 = Release|Any CPU
		{9AAE5EE1-952E-4F51-9840-8D7A8C1D033A}.Release|Mixed Platforms.ActiveCfg = Release|Any CPU
		{9AAE5EE1-952E-4F51-9840-8D7A8C1D033A}.Release|Mixed Platforms.Build.0 = Release|Any CPU
		{9AAE5EE1-952E-4F51-9840-8D7A8C1D033A}.Release|x86.ActiveCfg = Release|Any CPU
		{9AAE5EE1-952E-4F51-9840-8D7A8C1D033A}.Release|x86.Build.0 = Release|Any CPU
		{6F21ED74-9DD4-4124-B959-A4D309DA8354}.Debug|Any CPU.ActiveCfg = Debug|Any CPU
		{6F21ED74-9DD4-4124-B959-A4D309DA8354}.Debug|Any CPU.Build.0 = Debug|Any CPU
		{6F21ED74-9DD4-4124-B959-A4D309DA8354}.Debug|Mixed Platforms.ActiveCfg = Debug|Any CPU
		{6F21ED74-9DD4-4124-B959-A4D309DA8354}.Debug|Mixed Platforms.Build.0 = Debug|Any CPU
		{6F21ED74-9DD4-4124-B959-A4D309DA8354}.Debug|x86.ActiveCfg = Debug|Any CPU
		{6F21ED74-9DD4-4124-B959-A4D309DA8354}.Debug|x86.Build.0 = Debug|Any CPU
		{6F21ED74-9DD4-4124-B959-A4D309DA8354}.Release|Any CPU.ActiveCfg = Release|Any CPU
		{6F21ED74-9DD4-4124-B959-A4D309DA8354}.Release|Any CPU.Build.0 = Release|Any CPU
		{6F21ED74-9DD4-4124-B959-A4D309DA8354}.Release|Mixed Platforms.ActiveCfg = Release|Any CPU
		{6F21ED74-9DD4-4124-B959-A4D309DA8354}.Release|Mixed Platforms.Build.0 = Release|Any CPU
		{6F21ED74-9DD4-4124-B959-A4D309DA8354}.Release|x86.ActiveCfg = Release|Any CPU
		{6F21ED74-9DD4-4124-B959-A4D309DA8354}.Release|x86.Build.0 = Release|Any CPU
		{BEC8C5D7-5946-42F7-BEE3-93F46EFD8922}.Debug|Any CPU.ActiveCfg = Debug|Any CPU
		{BEC8C5D7-5946-42F7-BEE3-93F46EFD8922}.Debug|Any CPU.Build.0 = Debug|Any CPU
		{BEC8C5D7-5946-42F7-BEE3-93F46EFD8922}.Debug|Mixed Platforms.ActiveCfg = Debug|Any CPU
		{BEC8C5D7-5946-42F7-BEE3-93F46EFD8922}.Debug|Mixed Platforms.Build.0 = Debug|Any CPU
		{BEC8C5D7-5946-42F7-BEE3-93F46EFD8922}.Debug|x86.ActiveCfg = Debug|Any CPU
		{BEC8C5D7-5946-42F7-BEE3-93F46EFD8922}.Debug|x86.Build.0 = Debug|Any CPU
		{BEC8C5D7-5946-42F7-BEE3-93F46EFD8922}.Release|Any CPU.ActiveCfg = Release|Any CPU
		{BEC8C5D7-5946-42F7-BEE3-93F46EFD8922}.Release|Any CPU.Build.0 = Release|Any CPU
		{BEC8C5D7-5946-42F7-BEE3-93F46EFD8922}.Release|Mixed Platforms.ActiveCfg = Release|Any CPU
		{BEC8C5D7-5946-42F7-BEE3-93F46EFD8922}.Release|Mixed Platforms.Build.0 = Release|Any CPU
		{BEC8C5D7-5946-42F7-BEE3-93F46EFD8922}.Release|x86.ActiveCfg = Release|Any CPU
		{BEC8C5D7-5946-42F7-BEE3-93F46EFD8922}.Release|x86.Build.0 = Release|Any CPU
		{2ED8DA65-3071-495B-8778-384031CAFE37}.Debug|Any CPU.ActiveCfg = Debug|Any CPU
		{2ED8DA65-3071-495B-8778-384031CAFE37}.Debug|Any CPU.Build.0 = Debug|Any CPU
		{2ED8DA65-3071-495B-8778-384031CAFE37}.Debug|Mixed Platforms.ActiveCfg = Debug|Any CPU
		{2ED8DA65-3071-495B-8778-384031CAFE37}.Debug|Mixed Platforms.Build.0 = Debug|Any CPU
		{2ED8DA65-3071-495B-8778-384031CAFE37}.Debug|x86.ActiveCfg = Debug|Any CPU
		{2ED8DA65-3071-495B-8778-384031CAFE37}.Debug|x86.Build.0 = Debug|Any CPU
		{2ED8DA65-3071-495B-8778-384031CAFE37}.Release|Any CPU.ActiveCfg = Release|Any CPU
		{2ED8DA65-3071-495B-8778-384031CAFE37}.Release|Any CPU.Build.0 = Release|Any CPU
		{2ED8DA65-3071-495B-8778-384031CAFE37}.Release|Mixed Platforms.ActiveCfg = Release|Any CPU
		{2ED8DA65-3071-495B-8778-384031CAFE37}.Release|Mixed Platforms.Build.0 = Release|Any CPU
		{2ED8DA65-3071-495B-8778-384031CAFE37}.Release|x86.ActiveCfg = Release|Any CPU
		{2ED8DA65-3071-495B-8778-384031CAFE37}.Release|x86.Build.0 = Release|Any CPU
		{36C5D57D-4BEC-42CF-80AF-46E10E431DCC}.Debug|Any CPU.ActiveCfg = Debug|Any CPU
		{36C5D57D-4BEC-42CF-80AF-46E10E431DCC}.Debug|Any CPU.Build.0 = Debug|Any CPU
		{36C5D57D-4BEC-42CF-80AF-46E10E431DCC}.Debug|Mixed Platforms.ActiveCfg = Debug|Any CPU
		{36C5D57D-4BEC-42CF-80AF-46E10E431DCC}.Debug|Mixed Platforms.Build.0 = Debug|Any CPU
		{36C5D57D-4BEC-42CF-80AF-46E10E431DCC}.Debug|x86.ActiveCfg = Debug|Any CPU
		{36C5D57D-4BEC-42CF-80AF-46E10E431DCC}.Debug|x86.Build.0 = Debug|Any CPU
		{36C5D57D-4BEC-42CF-80AF-46E10E431DCC}.Release|Any CPU.ActiveCfg = Release|Any CPU
		{36C5D57D-4BEC-42CF-80AF-46E10E431DCC}.Release|Any CPU.Build.0 = Release|Any CPU
		{36C5D57D-4BEC-42CF-80AF-46E10E431DCC}.Release|Mixed Platforms.ActiveCfg = Release|Any CPU
		{36C5D57D-4BEC-42CF-80AF-46E10E431DCC}.Release|Mixed Platforms.Build.0 = Release|Any CPU
		{36C5D57D-4BEC-42CF-80AF-46E10E431DCC}.Release|x86.ActiveCfg = Release|Any CPU
		{36C5D57D-4BEC-42CF-80AF-46E10E431DCC}.Release|x86.Build.0 = Release|Any CPU
		{F72F67DD-A089-43EA-BD69-38BD153A1784}.Debug|Any CPU.ActiveCfg = Debug|Any CPU
		{F72F67DD-A089-43EA-BD69-38BD153A1784}.Debug|Any CPU.Build.0 = Debug|Any CPU
		{F72F67DD-A089-43EA-BD69-38BD153A1784}.Debug|Mixed Platforms.ActiveCfg = Debug|Any CPU
		{F72F67DD-A089-43EA-BD69-38BD153A1784}.Debug|Mixed Platforms.Build.0 = Debug|Any CPU
		{F72F67DD-A089-43EA-BD69-38BD153A1784}.Debug|x86.ActiveCfg = Debug|Any CPU
		{F72F67DD-A089-43EA-BD69-38BD153A1784}.Debug|x86.Build.0 = Debug|Any CPU
		{F72F67DD-A089-43EA-BD69-38BD153A1784}.Release|Any CPU.ActiveCfg = Release|Any CPU
		{F72F67DD-A089-43EA-BD69-38BD153A1784}.Release|Any CPU.Build.0 = Release|Any CPU
		{F72F67DD-A089-43EA-BD69-38BD153A1784}.Release|Mixed Platforms.ActiveCfg = Release|Any CPU
		{F72F67DD-A089-43EA-BD69-38BD153A1784}.Release|Mixed Platforms.Build.0 = Release|Any CPU
		{F72F67DD-A089-43EA-BD69-38BD153A1784}.Release|x86.ActiveCfg = Release|Any CPU
		{F72F67DD-A089-43EA-BD69-38BD153A1784}.Release|x86.Build.0 = Release|Any CPU
		{33CD5FD9-D26E-4E6A-96C0-CA7D7F41F340}.Debug|Any CPU.ActiveCfg = Debug|Any CPU
		{33CD5FD9-D26E-4E6A-96C0-CA7D7F41F340}.Debug|Any CPU.Build.0 = Debug|Any CPU
		{33CD5FD9-D26E-4E6A-96C0-CA7D7F41F340}.Debug|Mixed Platforms.ActiveCfg = Debug|Any CPU
		{33CD5FD9-D26E-4E6A-96C0-CA7D7F41F340}.Debug|Mixed Platforms.Build.0 = Debug|Any CPU
		{33CD5FD9-D26E-4E6A-96C0-CA7D7F41F340}.Debug|x86.ActiveCfg = Debug|Any CPU
		{33CD5FD9-D26E-4E6A-96C0-CA7D7F41F340}.Debug|x86.Build.0 = Debug|Any CPU
		{33CD5FD9-D26E-4E6A-96C0-CA7D7F41F340}.Release|Any CPU.ActiveCfg = Release|Any CPU
		{33CD5FD9-D26E-4E6A-96C0-CA7D7F41F340}.Release|Any CPU.Build.0 = Release|Any CPU
		{33CD5FD9-D26E-4E6A-96C0-CA7D7F41F340}.Release|Mixed Platforms.ActiveCfg = Release|Any CPU
		{33CD5FD9-D26E-4E6A-96C0-CA7D7F41F340}.Release|Mixed Platforms.Build.0 = Release|Any CPU
		{33CD5FD9-D26E-4E6A-96C0-CA7D7F41F340}.Release|x86.ActiveCfg = Release|Any CPU
		{33CD5FD9-D26E-4E6A-96C0-CA7D7F41F340}.Release|x86.Build.0 = Release|Any CPU
		{37482CAD-D9AF-4741-9CB6-16A6BA6A412E}.Debug|Any CPU.ActiveCfg = Debug|Any CPU
		{37482CAD-D9AF-4741-9CB6-16A6BA6A412E}.Debug|Any CPU.Build.0 = Debug|Any CPU
		{37482CAD-D9AF-4741-9CB6-16A6BA6A412E}.Debug|Mixed Platforms.ActiveCfg = Debug|Any CPU
		{37482CAD-D9AF-4741-9CB6-16A6BA6A412E}.Debug|Mixed Platforms.Build.0 = Debug|Any CPU
		{37482CAD-D9AF-4741-9CB6-16A6BA6A412E}.Debug|x86.ActiveCfg = Debug|Any CPU
		{37482CAD-D9AF-4741-9CB6-16A6BA6A412E}.Debug|x86.Build.0 = Debug|Any CPU
		{37482CAD-D9AF-4741-9CB6-16A6BA6A412E}.Release|Any CPU.ActiveCfg = Release|Any CPU
		{37482CAD-D9AF-4741-9CB6-16A6BA6A412E}.Release|Any CPU.Build.0 = Release|Any CPU
		{37482CAD-D9AF-4741-9CB6-16A6BA6A412E}.Release|Mixed Platforms.ActiveCfg = Release|Any CPU
		{37482CAD-D9AF-4741-9CB6-16A6BA6A412E}.Release|Mixed Platforms.Build.0 = Release|Any CPU
		{37482CAD-D9AF-4741-9CB6-16A6BA6A412E}.Release|x86.ActiveCfg = Release|Any CPU
		{37482CAD-D9AF-4741-9CB6-16A6BA6A412E}.Release|x86.Build.0 = Release|Any CPU
		{14EB32EF-0539-4DA0-818A-1CDD3CD6E127}.Debug|Any CPU.ActiveCfg = Debug|Any CPU
		{14EB32EF-0539-4DA0-818A-1CDD3CD6E127}.Debug|Any CPU.Build.0 = Debug|Any CPU
		{14EB32EF-0539-4DA0-818A-1CDD3CD6E127}.Debug|Mixed Platforms.ActiveCfg = Debug|Any CPU
		{14EB32EF-0539-4DA0-818A-1CDD3CD6E127}.Debug|Mixed Platforms.Build.0 = Debug|Any CPU
		{14EB32EF-0539-4DA0-818A-1CDD3CD6E127}.Debug|x86.ActiveCfg = Debug|Any CPU
		{14EB32EF-0539-4DA0-818A-1CDD3CD6E127}.Debug|x86.Build.0 = Debug|Any CPU
		{14EB32EF-0539-4DA0-818A-1CDD3CD6E127}.Release|Any CPU.ActiveCfg = Release|Any CPU
		{14EB32EF-0539-4DA0-818A-1CDD3CD6E127}.Release|Any CPU.Build.0 = Release|Any CPU
		{14EB32EF-0539-4DA0-818A-1CDD3CD6E127}.Release|Mixed Platforms.ActiveCfg = Release|Any CPU
		{14EB32EF-0539-4DA0-818A-1CDD3CD6E127}.Release|Mixed Platforms.Build.0 = Release|Any CPU
		{14EB32EF-0539-4DA0-818A-1CDD3CD6E127}.Release|x86.ActiveCfg = Release|Any CPU
		{14EB32EF-0539-4DA0-818A-1CDD3CD6E127}.Release|x86.Build.0 = Release|Any CPU
		{E435EAFD-21D6-4572-9823-166C6B60636C}.Debug|Any CPU.ActiveCfg = Debug|Any CPU
		{E435EAFD-21D6-4572-9823-166C6B60636C}.Debug|Any CPU.Build.0 = Debug|Any CPU
		{E435EAFD-21D6-4572-9823-166C6B60636C}.Debug|Mixed Platforms.ActiveCfg = Debug|Any CPU
		{E435EAFD-21D6-4572-9823-166C6B60636C}.Debug|Mixed Platforms.Build.0 = Debug|Any CPU
		{E435EAFD-21D6-4572-9823-166C6B60636C}.Debug|x86.ActiveCfg = Debug|Any CPU
		{E435EAFD-21D6-4572-9823-166C6B60636C}.Debug|x86.Build.0 = Debug|Any CPU
		{E435EAFD-21D6-4572-9823-166C6B60636C}.Release|Any CPU.ActiveCfg = Release|Any CPU
		{E435EAFD-21D6-4572-9823-166C6B60636C}.Release|Any CPU.Build.0 = Release|Any CPU
		{E435EAFD-21D6-4572-9823-166C6B60636C}.Release|Mixed Platforms.ActiveCfg = Release|Any CPU
		{E435EAFD-21D6-4572-9823-166C6B60636C}.Release|Mixed Platforms.Build.0 = Release|Any CPU
		{E435EAFD-21D6-4572-9823-166C6B60636C}.Release|x86.ActiveCfg = Release|Any CPU
		{E435EAFD-21D6-4572-9823-166C6B60636C}.Release|x86.Build.0 = Release|Any CPU
		{89C98534-93B8-4FBB-A3DC-517089097095}.Debug|Any CPU.ActiveCfg = Debug|Any CPU
		{89C98534-93B8-4FBB-A3DC-517089097095}.Debug|Any CPU.Build.0 = Debug|Any CPU
		{89C98534-93B8-4FBB-A3DC-517089097095}.Debug|Mixed Platforms.ActiveCfg = Debug|Any CPU
		{89C98534-93B8-4FBB-A3DC-517089097095}.Debug|Mixed Platforms.Build.0 = Debug|Any CPU
		{89C98534-93B8-4FBB-A3DC-517089097095}.Debug|x86.ActiveCfg = Debug|Any CPU
		{89C98534-93B8-4FBB-A3DC-517089097095}.Debug|x86.Build.0 = Debug|Any CPU
		{89C98534-93B8-4FBB-A3DC-517089097095}.Release|Any CPU.ActiveCfg = Release|Any CPU
		{89C98534-93B8-4FBB-A3DC-517089097095}.Release|Any CPU.Build.0 = Release|Any CPU
		{89C98534-93B8-4FBB-A3DC-517089097095}.Release|Mixed Platforms.ActiveCfg = Release|Any CPU
		{89C98534-93B8-4FBB-A3DC-517089097095}.Release|Mixed Platforms.Build.0 = Release|Any CPU
		{89C98534-93B8-4FBB-A3DC-517089097095}.Release|x86.ActiveCfg = Release|Any CPU
		{89C98534-93B8-4FBB-A3DC-517089097095}.Release|x86.Build.0 = Release|Any CPU
		{A28B3C6C-DB99-480A-A59D-52E7DA52FBF8}.Debug|Any CPU.ActiveCfg = Debug|Any CPU
		{A28B3C6C-DB99-480A-A59D-52E7DA52FBF8}.Debug|Any CPU.Build.0 = Debug|Any CPU
		{A28B3C6C-DB99-480A-A59D-52E7DA52FBF8}.Debug|Mixed Platforms.ActiveCfg = Debug|Any CPU
		{A28B3C6C-DB99-480A-A59D-52E7DA52FBF8}.Debug|Mixed Platforms.Build.0 = Debug|Any CPU
		{A28B3C6C-DB99-480A-A59D-52E7DA52FBF8}.Debug|x86.ActiveCfg = Debug|Any CPU
		{A28B3C6C-DB99-480A-A59D-52E7DA52FBF8}.Debug|x86.Build.0 = Debug|Any CPU
		{A28B3C6C-DB99-480A-A59D-52E7DA52FBF8}.Release|Any CPU.ActiveCfg = Release|Any CPU
		{A28B3C6C-DB99-480A-A59D-52E7DA52FBF8}.Release|Any CPU.Build.0 = Release|Any CPU
		{A28B3C6C-DB99-480A-A59D-52E7DA52FBF8}.Release|Mixed Platforms.ActiveCfg = Release|Any CPU
		{A28B3C6C-DB99-480A-A59D-52E7DA52FBF8}.Release|Mixed Platforms.Build.0 = Release|Any CPU
		{A28B3C6C-DB99-480A-A59D-52E7DA52FBF8}.Release|x86.ActiveCfg = Release|Any CPU
		{A28B3C6C-DB99-480A-A59D-52E7DA52FBF8}.Release|x86.Build.0 = Release|Any CPU
		{5050B1F8-7EFC-4719-8BF9-B8A5450BB37D}.Debug|Any CPU.ActiveCfg = Debug|Any CPU
		{5050B1F8-7EFC-4719-8BF9-B8A5450BB37D}.Debug|Any CPU.Build.0 = Debug|Any CPU
		{5050B1F8-7EFC-4719-8BF9-B8A5450BB37D}.Debug|Mixed Platforms.ActiveCfg = Debug|Any CPU
		{5050B1F8-7EFC-4719-8BF9-B8A5450BB37D}.Debug|Mixed Platforms.Build.0 = Debug|Any CPU
		{5050B1F8-7EFC-4719-8BF9-B8A5450BB37D}.Debug|x86.ActiveCfg = Debug|Any CPU
		{5050B1F8-7EFC-4719-8BF9-B8A5450BB37D}.Debug|x86.Build.0 = Debug|Any CPU
		{5050B1F8-7EFC-4719-8BF9-B8A5450BB37D}.Release|Any CPU.ActiveCfg = Release|Any CPU
		{5050B1F8-7EFC-4719-8BF9-B8A5450BB37D}.Release|Any CPU.Build.0 = Release|Any CPU
		{5050B1F8-7EFC-4719-8BF9-B8A5450BB37D}.Release|Mixed Platforms.ActiveCfg = Release|Any CPU
		{5050B1F8-7EFC-4719-8BF9-B8A5450BB37D}.Release|Mixed Platforms.Build.0 = Release|Any CPU
		{5050B1F8-7EFC-4719-8BF9-B8A5450BB37D}.Release|x86.ActiveCfg = Release|Any CPU
		{5050B1F8-7EFC-4719-8BF9-B8A5450BB37D}.Release|x86.Build.0 = Release|Any CPU
		{CF79EB8F-0D24-4845-8EF8-67A3C8F8972B}.Debug|Any CPU.ActiveCfg = Debug|Any CPU
		{CF79EB8F-0D24-4845-8EF8-67A3C8F8972B}.Debug|Any CPU.Build.0 = Debug|Any CPU
		{CF79EB8F-0D24-4845-8EF8-67A3C8F8972B}.Debug|Mixed Platforms.ActiveCfg = Debug|Any CPU
		{CF79EB8F-0D24-4845-8EF8-67A3C8F8972B}.Debug|Mixed Platforms.Build.0 = Debug|Any CPU
		{CF79EB8F-0D24-4845-8EF8-67A3C8F8972B}.Debug|x86.ActiveCfg = Debug|Any CPU
		{CF79EB8F-0D24-4845-8EF8-67A3C8F8972B}.Debug|x86.Build.0 = Debug|Any CPU
		{CF79EB8F-0D24-4845-8EF8-67A3C8F8972B}.Release|Any CPU.ActiveCfg = Release|Any CPU
		{CF79EB8F-0D24-4845-8EF8-67A3C8F8972B}.Release|Any CPU.Build.0 = Release|Any CPU
		{CF79EB8F-0D24-4845-8EF8-67A3C8F8972B}.Release|Mixed Platforms.ActiveCfg = Release|Any CPU
		{CF79EB8F-0D24-4845-8EF8-67A3C8F8972B}.Release|Mixed Platforms.Build.0 = Release|Any CPU
		{CF79EB8F-0D24-4845-8EF8-67A3C8F8972B}.Release|x86.ActiveCfg = Release|Any CPU
		{CF79EB8F-0D24-4845-8EF8-67A3C8F8972B}.Release|x86.Build.0 = Release|Any CPU
		{8E1E4CA1-1959-4945-A997-7C67CA964E71}.Debug|Any CPU.ActiveCfg = Debug|Any CPU
		{8E1E4CA1-1959-4945-A997-7C67CA964E71}.Debug|Any CPU.Build.0 = Debug|Any CPU
		{8E1E4CA1-1959-4945-A997-7C67CA964E71}.Debug|Mixed Platforms.ActiveCfg = Debug|Any CPU
		{8E1E4CA1-1959-4945-A997-7C67CA964E71}.Debug|Mixed Platforms.Build.0 = Debug|Any CPU
		{8E1E4CA1-1959-4945-A997-7C67CA964E71}.Debug|x86.ActiveCfg = Debug|Any CPU
		{8E1E4CA1-1959-4945-A997-7C67CA964E71}.Debug|x86.Build.0 = Debug|Any CPU
		{8E1E4CA1-1959-4945-A997-7C67CA964E71}.Release|Any CPU.ActiveCfg = Release|Any CPU
		{8E1E4CA1-1959-4945-A997-7C67CA964E71}.Release|Any CPU.Build.0 = Release|Any CPU
		{8E1E4CA1-1959-4945-A997-7C67CA964E71}.Release|Mixed Platforms.ActiveCfg = Release|Any CPU
		{8E1E4CA1-1959-4945-A997-7C67CA964E71}.Release|Mixed Platforms.Build.0 = Release|Any CPU
		{8E1E4CA1-1959-4945-A997-7C67CA964E71}.Release|x86.ActiveCfg = Release|Any CPU
		{8E1E4CA1-1959-4945-A997-7C67CA964E71}.Release|x86.Build.0 = Release|Any CPU
		{BFAC421E-E92D-4336-9FC7-4A4F59AA47F0}.Debug|Any CPU.ActiveCfg = Debug|Any CPU
		{BFAC421E-E92D-4336-9FC7-4A4F59AA47F0}.Debug|Any CPU.Build.0 = Debug|Any CPU
		{BFAC421E-E92D-4336-9FC7-4A4F59AA47F0}.Debug|Mixed Platforms.ActiveCfg = Debug|Any CPU
		{BFAC421E-E92D-4336-9FC7-4A4F59AA47F0}.Debug|Mixed Platforms.Build.0 = Debug|Any CPU
		{BFAC421E-E92D-4336-9FC7-4A4F59AA47F0}.Debug|x86.ActiveCfg = Debug|Any CPU
		{BFAC421E-E92D-4336-9FC7-4A4F59AA47F0}.Debug|x86.Build.0 = Debug|Any CPU
		{BFAC421E-E92D-4336-9FC7-4A4F59AA47F0}.Release|Any CPU.ActiveCfg = Release|Any CPU
		{BFAC421E-E92D-4336-9FC7-4A4F59AA47F0}.Release|Any CPU.Build.0 = Release|Any CPU
		{BFAC421E-E92D-4336-9FC7-4A4F59AA47F0}.Release|Mixed Platforms.ActiveCfg = Release|Any CPU
		{BFAC421E-E92D-4336-9FC7-4A4F59AA47F0}.Release|Mixed Platforms.Build.0 = Release|Any CPU
		{BFAC421E-E92D-4336-9FC7-4A4F59AA47F0}.Release|x86.ActiveCfg = Release|Any CPU
		{BFAC421E-E92D-4336-9FC7-4A4F59AA47F0}.Release|x86.Build.0 = Release|Any CPU
		{670302F2-82DD-4F60-949F-711FFF3B8F04}.Debug|Any CPU.ActiveCfg = Debug|Any CPU
		{670302F2-82DD-4F60-949F-711FFF3B8F04}.Debug|Any CPU.Build.0 = Debug|Any CPU
		{670302F2-82DD-4F60-949F-711FFF3B8F04}.Debug|Mixed Platforms.ActiveCfg = Debug|Any CPU
		{670302F2-82DD-4F60-949F-711FFF3B8F04}.Debug|Mixed Platforms.Build.0 = Debug|Any CPU
		{670302F2-82DD-4F60-949F-711FFF3B8F04}.Debug|x86.ActiveCfg = Debug|Any CPU
		{670302F2-82DD-4F60-949F-711FFF3B8F04}.Debug|x86.Build.0 = Debug|Any CPU
		{670302F2-82DD-4F60-949F-711FFF3B8F04}.Release|Any CPU.ActiveCfg = Release|Any CPU
		{670302F2-82DD-4F60-949F-711FFF3B8F04}.Release|Any CPU.Build.0 = Release|Any CPU
		{670302F2-82DD-4F60-949F-711FFF3B8F04}.Release|Mixed Platforms.ActiveCfg = Release|Any CPU
		{670302F2-82DD-4F60-949F-711FFF3B8F04}.Release|Mixed Platforms.Build.0 = Release|Any CPU
		{670302F2-82DD-4F60-949F-711FFF3B8F04}.Release|x86.ActiveCfg = Release|Any CPU
		{670302F2-82DD-4F60-949F-711FFF3B8F04}.Release|x86.Build.0 = Release|Any CPU
		{5726FE7E-6802-4580-9863-3C43CDC64DE3}.Debug|Any CPU.ActiveCfg = Debug|Any CPU
		{5726FE7E-6802-4580-9863-3C43CDC64DE3}.Debug|Any CPU.Build.0 = Debug|Any CPU
		{5726FE7E-6802-4580-9863-3C43CDC64DE3}.Debug|Mixed Platforms.ActiveCfg = Debug|Any CPU
		{5726FE7E-6802-4580-9863-3C43CDC64DE3}.Debug|Mixed Platforms.Build.0 = Debug|Any CPU
		{5726FE7E-6802-4580-9863-3C43CDC64DE3}.Debug|x86.ActiveCfg = Debug|Any CPU
		{5726FE7E-6802-4580-9863-3C43CDC64DE3}.Debug|x86.Build.0 = Debug|Any CPU
		{5726FE7E-6802-4580-9863-3C43CDC64DE3}.Release|Any CPU.ActiveCfg = Release|Any CPU
		{5726FE7E-6802-4580-9863-3C43CDC64DE3}.Release|Any CPU.Build.0 = Release|Any CPU
		{5726FE7E-6802-4580-9863-3C43CDC64DE3}.Release|Mixed Platforms.ActiveCfg = Release|Any CPU
		{5726FE7E-6802-4580-9863-3C43CDC64DE3}.Release|Mixed Platforms.Build.0 = Release|Any CPU
		{5726FE7E-6802-4580-9863-3C43CDC64DE3}.Release|x86.ActiveCfg = Release|Any CPU
		{5726FE7E-6802-4580-9863-3C43CDC64DE3}.Release|x86.Build.0 = Release|Any CPU
	EndGlobalSection
	GlobalSection(SolutionProperties) = preSolution
		HideSolutionNode = FALSE
	EndGlobalSection
	GlobalSection(NestedProjects) = preSolution
		{493D7BFE-24BF-4612-86EB-623E23656F5D} = {CB96D449-E39F-4455-863C-505400B7719C}
		{D12AFE96-3C9E-4310-847A-A662BCEE40BE} = {CB96D449-E39F-4455-863C-505400B7719C}
		{DA4788F0-BFD6-45FC-9EB6-0F3D5B9CEFA3} = {CB96D449-E39F-4455-863C-505400B7719C}
		{3CDB515A-73AF-4845-9CC0-5844D03ADFF3} = {CB96D449-E39F-4455-863C-505400B7719C}
		{0CE6A166-5F71-42A6-A850-7597E93BE18E} = {CB96D449-E39F-4455-863C-505400B7719C}
		{B93B48F6-C3A3-41F4-88C3-A0232FA5C615} = {CB96D449-E39F-4455-863C-505400B7719C}
		{40337536-DFE9-4AFC-BDBE-958C1DB8B862} = {CB96D449-E39F-4455-863C-505400B7719C}
		{850CDA2A-81C7-4B64-8D3B-256877BF777C} = {CB96D449-E39F-4455-863C-505400B7719C}
		{E316F618-CB53-4AF9-B589-D27B8D5AD6FF} = {CB96D449-E39F-4455-863C-505400B7719C}
		{54E5D0A9-FC0D-4B82-93FC-1227CCA9A062} = {CB96D449-E39F-4455-863C-505400B7719C}
		{B51AB14E-71B9-4C92-85F6-A318B51AA382} = {CB96D449-E39F-4455-863C-505400B7719C}
		{9AAE5EE1-952E-4F51-9840-8D7A8C1D033A} = {CB96D449-E39F-4455-863C-505400B7719C}
		{6F21ED74-9DD4-4124-B959-A4D309DA8354} = {CB96D449-E39F-4455-863C-505400B7719C}
		{BEC8C5D7-5946-42F7-BEE3-93F46EFD8922} = {CB96D449-E39F-4455-863C-505400B7719C}
		{2ED8DA65-3071-495B-8778-384031CAFE37} = {CB96D449-E39F-4455-863C-505400B7719C}
		{36C5D57D-4BEC-42CF-80AF-46E10E431DCC} = {CB96D449-E39F-4455-863C-505400B7719C}
		{F72F67DD-A089-43EA-BD69-38BD153A1784} = {CB96D449-E39F-4455-863C-505400B7719C}
		{33CD5FD9-D26E-4E6A-96C0-CA7D7F41F340} = {CB96D449-E39F-4455-863C-505400B7719C}
		{37482CAD-D9AF-4741-9CB6-16A6BA6A412E} = {CB96D449-E39F-4455-863C-505400B7719C}
		{14EB32EF-0539-4DA0-818A-1CDD3CD6E127} = {CB96D449-E39F-4455-863C-505400B7719C}
		{E435EAFD-21D6-4572-9823-166C6B60636C} = {CB96D449-E39F-4455-863C-505400B7719C}
		{89C98534-93B8-4FBB-A3DC-517089097095} = {CB96D449-E39F-4455-863C-505400B7719C}
		{A28B3C6C-DB99-480A-A59D-52E7DA52FBF8} = {CB96D449-E39F-4455-863C-505400B7719C}
		{5050B1F8-7EFC-4719-8BF9-B8A5450BB37D} = {CB96D449-E39F-4455-863C-505400B7719C}
		{CF79EB8F-0D24-4845-8EF8-67A3C8F8972B} = {CB96D449-E39F-4455-863C-505400B7719C}
		{8E1E4CA1-1959-4945-A997-7C67CA964E71} = {CB96D449-E39F-4455-863C-505400B7719C}
		{BFAC421E-E92D-4336-9FC7-4A4F59AA47F0} = {CB96D449-E39F-4455-863C-505400B7719C}
		{670302F2-82DD-4F60-949F-711FFF3B8F04} = {CB96D449-E39F-4455-863C-505400B7719C}
		{5726FE7E-6802-4580-9863-3C43CDC64DE3} = {CB96D449-E39F-4455-863C-505400B7719C}
	EndGlobalSection
	GlobalSection(ExtensibilityGlobals) = postSolution
		SolutionGuid = {C45CAAAE-3E4E-4A85-9BA1-108D5F84900F}
	EndGlobalSection
EndGlobal
